
Microsoft Visual Studio Solution File, Format Version 12.00
# Visual Studio 15
VisualStudioVersion = 15.0.28307.136
MinimumVisualStudioVersion = 10.0.40219.1
Project("{FAE04EC0-301F-11D3-BF4B-00C04F79EFBC}") = "MyThreadPool", "MyThreadPool\MyThreadPool.csproj", "{B99EC575-E529-49C5-AA20-84CF50847AA9}"
EndProject
Project("{FAE04EC0-301F-11D3-BF4B-00C04F79EFBC}") = "MyThreadPool.UnitTest", "MyThreadPool.UnitTest\MyThreadPool.UnitTest.csproj", "{0DA9548B-AA90-4051-B97A-DF98051AC94A}"
EndProject
Global
	GlobalSection(SolutionConfigurationPlatforms) = preSolution
		Debug|Any CPU = Debug|Any CPU
		Release|Any CPU = Release|Any CPU
	EndGlobalSection
	GlobalSection(ProjectConfigurationPlatforms) = postSolution
		{B99EC575-E529-49C5-AA20-84CF50847AA9}.Debug|Any CPU.ActiveCfg = Debug|Any CPU
		{B99EC575-E529-49C5-AA20-84CF50847AA9}.Debug|Any CPU.Build.0 = Debug|Any CPU
		{B99EC575-E529-49C5-AA20-84CF50847AA9}.Release|Any CPU.ActiveCfg = Release|Any CPU
		{B99EC575-E529-49C5-AA20-84CF50847AA9}.Release|Any CPU.Build.0 = Release|Any CPU
		{0DA9548B-AA90-4051-B97A-DF98051AC94A}.Debug|Any CPU.ActiveCfg = Debug|Any CPU
		{0DA9548B-AA90-4051-B97A-DF98051AC94A}.Debug|Any CPU.Build.0 = Debug|Any CPU
		{0DA9548B-AA90-4051-B97A-DF98051AC94A}.Release|Any CPU.ActiveCfg = Release|Any CPU
		{0DA9548B-AA90-4051-B97A-DF98051AC94A}.Release|Any CPU.Build.0 = Release|Any CPU
	EndGlobalSection
	GlobalSection(SolutionProperties) = preSolution
		HideSolutionNode = FALSE
	EndGlobalSection
	GlobalSection(ExtensibilityGlobals) = postSolution
		SolutionGuid = {0B293F75-6597-4B44-A8CB-5BC287902EEF}
	EndGlobalSection
EndGlobal
